
Microsoft Visual Studio Solution File, Format Version 12.00
# Visual Studio Version 16
VisualStudioVersion = 16.0.28803.352
MinimumVisualStudioVersion = 10.0.40219.1
Project("{FAE04EC0-301F-11D3-BF4B-00C04F79EFBC}") = "GoogleHashCode2022", "GoogleHashCode2022\GoogleHashCode2022.csproj", "{30CE9EEC-821D-42DD-8807-B20C564E0520}"
EndProject
Global
	GlobalSection(SolutionConfigurationPlatforms) = preSolution
		Debug|Any CPU = Debug|Any CPU
		Release|Any CPU = Release|Any CPU
	EndGlobalSection
	GlobalSection(ProjectConfigurationPlatforms) = postSolution
		{30CE9EEC-821D-42DD-8807-B20C564E0520}.Debug|Any CPU.ActiveCfg = Debug|Any CPU
		{30CE9EEC-821D-42DD-8807-B20C564E0520}.Debug|Any CPU.Build.0 = Debug|Any CPU
		{30CE9EEC-821D-42DD-8807-B20C564E0520}.Release|Any CPU.ActiveCfg = Release|Any CPU
		{30CE9EEC-821D-42DD-8807-B20C564E0520}.Release|Any CPU.Build.0 = Release|Any CPU
	EndGlobalSection
	GlobalSection(SolutionProperties) = preSolution
		HideSolutionNode = FALSE
	EndGlobalSection
	GlobalSection(ExtensibilityGlobals) = postSolution
		SolutionGuid = {17997A5B-073F-4922-8778-0E3B1CA2B18D}
	EndGlobalSection
EndGlobal
